// !$*UTF8*$!
{
	archiveVersion = 1;
	classes = {
	};
	objectVersion = 77;
	objects = {

/* Begin PBXContainerItemProxy section */
		CF78BFC72D7545E4004AC06E /* PBXContainerItemProxy */ = {
			isa = PBXContainerItemProxy;
			containerPortal = CF78BFAE2D7545E1004AC06E /* Project object */;
			proxyType = 1;
			remoteGlobalIDString = CF78BFB52D7545E1004AC06E;
			remoteInfo = aykgame;
		};
		CF78BFD12D7545E4004AC06E /* PBXContainerItemProxy */ = {
			isa = PBXContainerItemProxy;
			containerPortal = CF78BFAE2D7545E1004AC06E /* Project object */;
			proxyType = 1;
			remoteGlobalIDString = CF78BFB52D7545E1004AC06E;
			remoteInfo = aykgame;
		};
/* End PBXContainerItemProxy section */

/* Begin PBXFileReference section */
		CF78BFB62D7545E1004AC06E /* aykgame.app */ = {isa = PBXFileReference; explicitFileType = wrapper.application; includeInIndex = 0; path = aykgame.app; sourceTree = BUILT_PRODUCTS_DIR; };
		CF78BFC62D7545E4004AC06E /* aykgameTests.xctest */ = {isa = PBXFileReference; explicitFileType = wrapper.cfbundle; includeInIndex = 0; path = aykgameTests.xctest; sourceTree = BUILT_PRODUCTS_DIR; };
		CF78BFD02D7545E4004AC06E /* aykgameUITests.xctest */ = {isa = PBXFileReference; explicitFileType = wrapper.cfbundle; includeInIndex = 0; path = aykgameUITests.xctest; sourceTree = BUILT_PRODUCTS_DIR; };
/* End PBXFileReference section */

/* Begin PBXFileSystemSynchronizedRootGroup section */
		CF78BFB82D7545E1004AC06E /* aykgame */ = {
			isa = PBXFileSystemSynchronizedRootGroup;
			path = aykgame;
			sourceTree = "<group>";
		};
		CF78BFC92D7545E4004AC06E /* aykgameTests */ = {
			isa = PBXFileSystemSynchronizedRootGroup;
			path = aykgameTests;
			sourceTree = "<group>";
		};
		CF78BFD32D7545E4004AC06E /* aykgameUITests */ = {
			isa = PBXFileSystemSynchronizedRootGroup;
			path = aykgameUITests;
			sourceTree = "<group>";
		};
/* End PBXFileSystemSynchronizedRootGroup section */

/* Begin PBXFrameworksBuildPhase section */
		CF78BFB32D7545E1004AC06E /* Frameworks */ = {
			isa = PBXFrameworksBuildPhase;
			buildActionMask = 2147483647;
			files = (
			);
			runOnlyForDeploymentPostprocessing = 0;
		};
		CF78BFC32D7545E4004AC06E /* Frameworks */ = {
			isa = PBXFrameworksBuildPhase;
			buildActionMask = 2147483647;
			files = (
			);
			runOnlyForDeploymentPostprocessing = 0;
		};
		CF78BFCD2D7545E4004AC06E /* Frameworks */ = {
			isa = PBXFrameworksBuildPhase;
			buildActionMask = 2147483647;
			files = (
			);
			runOnlyForDeploymentPostprocessing = 0;
		};
/* End PBXFrameworksBuildPhase section */

/* Begin PBXGroup section */
		CF78BFAD2D7545E1004AC06E = {
			isa = PBXGroup;
			children = (
				CF78BFB82D7545E1004AC06E /* aykgame */,
				CF78BFC92D7545E4004AC06E /* aykgameTests */,
				CF78BFD32D7545E4004AC06E /* aykgameUITests */,
				CF78BFB72D7545E1004AC06E /* Products */,
			);
			sourceTree = "<group>";
		};
		CF78BFB72D7545E1004AC06E /* Products */ = {
			isa = PBXGroup;
			children = (
				CF78BFB62D7545E1004AC06E /* aykgame.app */,
				CF78BFC62D7545E4004AC06E /* aykgameTests.xctest */,
				CF78BFD02D7545E4004AC06E /* aykgameUITests.xctest */,
			);
			name = Products;
			sourceTree = "<group>";
		};
/* End PBXGroup section */

/* Begin PBXNativeTarget section */
		CF78BFB52D7545E1004AC06E /* aykgame */ = {
			isa = PBXNativeTarget;
			buildConfigurationList = CF78BFDA2D7545E4004AC06E /* Build configuration list for PBXNativeTarget "aykgame" */;
			buildPhases = (
				CF78BFB22D7545E1004AC06E /* Sources */,
				CF78BFB32D7545E1004AC06E /* Frameworks */,
				CF78BFB42D7545E1004AC06E /* Resources */,
			);
			buildRules = (
			);
			dependencies = (
			);
			fileSystemSynchronizedGroups = (
				CF78BFB82D7545E1004AC06E /* aykgame */,
			);
			name = aykgame;
			packageProductDependencies = (
			);
			productName = aykgame;
			productReference = CF78BFB62D7545E1004AC06E /* aykgame.app */;
			productType = "com.apple.product-type.application";
		};
		CF78BFC52D7545E4004AC06E /* aykgameTests */ = {
			isa = PBXNativeTarget;
			buildConfigurationList = CF78BFDD2D7545E4004AC06E /* Build configuration list for PBXNativeTarget "aykgameTests" */;
			buildPhases = (
				CF78BFC22D7545E4004AC06E /* Sources */,
				CF78BFC32D7545E4004AC06E /* Frameworks */,
				CF78BFC42D7545E4004AC06E /* Resources */,
			);
			buildRules = (
			);
			dependencies = (
				CF78BFC82D7545E4004AC06E /* PBXTargetDependency */,
			);
			fileSystemSynchronizedGroups = (
				CF78BFC92D7545E4004AC06E /* aykgameTests */,
			);
			name = aykgameTests;
			packageProductDependencies = (
			);
			productName = aykgameTests;
			productReference = CF78BFC62D7545E4004AC06E /* aykgameTests.xctest */;
			productType = "com.apple.product-type.bundle.unit-test";
		};
		CF78BFCF2D7545E4004AC06E /* aykgameUITests */ = {
			isa = PBXNativeTarget;
			buildConfigurationList = CF78BFE02D7545E4004AC06E /* Build configuration list for PBXNativeTarget "aykgameUITests" */;
			buildPhases = (
				CF78BFCC2D7545E4004AC06E /* Sources */,
				CF78BFCD2D7545E4004AC06E /* Frameworks */,
				CF78BFCE2D7545E4004AC06E /* Resources */,
			);
			buildRules = (
			);
			dependencies = (
				CF78BFD22D7545E4004AC06E /* PBXTargetDependency */,
			);
			fileSystemSynchronizedGroups = (
				CF78BFD32D7545E4004AC06E /* aykgameUITests */,
			);
			name = aykgameUITests;
			packageProductDependencies = (
			);
			productName = aykgameUITests;
			productReference = CF78BFD02D7545E4004AC06E /* aykgameUITests.xctest */;
			productType = "com.apple.product-type.bundle.ui-testing";
		};
/* End PBXNativeTarget section */

/* Begin PBXProject section */
		CF78BFAE2D7545E1004AC06E /* Project object */ = {
			isa = PBXProject;
			attributes = {
				BuildIndependentTargetsInParallel = 1;
				LastSwiftUpdateCheck = 1620;
				LastUpgradeCheck = 1620;
				TargetAttributes = {
					CF78BFB52D7545E1004AC06E = {
						CreatedOnToolsVersion = 16.2;
					};
					CF78BFC52D7545E4004AC06E = {
						CreatedOnToolsVersion = 16.2;
						TestTargetID = CF78BFB52D7545E1004AC06E;
					};
					CF78BFCF2D7545E4004AC06E = {
						CreatedOnToolsVersion = 16.2;
						TestTargetID = CF78BFB52D7545E1004AC06E;
					};
				};
			};
			buildConfigurationList = CF78BFB12D7545E1004AC06E /* Build configuration list for PBXProject "aykgame" */;
			developmentRegion = en;
			hasScannedForEncodings = 0;
			knownRegions = (
				en,
				Base,
			);
			mainGroup = CF78BFAD2D7545E1004AC06E;
			minimizedProjectReferenceProxies = 1;
			preferredProjectObjectVersion = 77;
			productRefGroup = CF78BFB72D7545E1004AC06E /* Products */;
			projectDirPath = "";
			projectRoot = "";
			targets = (
				CF78BFB52D7545E1004AC06E /* aykgame */,
				CF78BFC52D7545E4004AC06E /* aykgameTests */,
				CF78BFCF2D7545E4004AC06E /* aykgameUITests */,
			);
		};
/* End PBXProject section */

/* Begin PBXResourcesBuildPhase section */
		CF78BFB42D7545E1004AC06E /* Resources */ = {
			isa = PBXResourcesBuildPhase;
			buildActionMask = 2147483647;
			files = (
			);
			runOnlyForDeploymentPostprocessing = 0;
		};
		CF78BFC42D7545E4004AC06E /* Resources */ = {
			isa = PBXResourcesBuildPhase;
			buildActionMask = 2147483647;
			files = (
			);
			runOnlyForDeploymentPostprocessing = 0;
		};
		CF78BFCE2D7545E4004AC06E /* Resources */ = {
			isa = PBXResourcesBuildPhase;
			buildActionMask = 2147483647;
			files = (
			);
			runOnlyForDeploymentPostprocessing = 0;
		};
/* End PBXResourcesBuildPhase section */

/* Begin PBXSourcesBuildPhase section */
		CF78BFB22D7545E1004AC06E /* Sources */ = {
			isa = PBXSourcesBuildPhase;
			buildActionMask = 2147483647;
			files = (
			);
			runOnlyForDeploymentPostprocessing = 0;
		};
		CF78BFC22D7545E4004AC06E /* Sources */ = {
			isa = PBXSourcesBuildPhase;
			buildActionMask = 2147483647;
			files = (
			);
			runOnlyForDeploymentPostprocessing = 0;
		};
		CF78BFCC2D7545E4004AC06E /* Sources */ = {
			isa = PBXSourcesBuildPhase;
			buildActionMask = 2147483647;
			files = (
			);
			runOnlyForDeploymentPostprocessing = 0;
		};
/* End PBXSourcesBuildPhase section */

/* Begin PBXTargetDependency section */
		CF78BFC82D7545E4004AC06E /* PBXTargetDependency */ = {
			isa = PBXTargetDependency;
			target = CF78BFB52D7545E1004AC06E /* aykgame */;
			targetProxy = CF78BFC72D7545E4004AC06E /* PBXContainerItemProxy */;
		};
		CF78BFD22D7545E4004AC06E /* PBXTargetDependency */ = {
			isa = PBXTargetDependency;
			target = CF78BFB52D7545E1004AC06E /* aykgame */;
			targetProxy = CF78BFD12D7545E4004AC06E /* PBXContainerItemProxy */;
		};
/* End PBXTargetDependency section */

/* Begin XCBuildConfiguration section */
		CF78BFD82D7545E4004AC06E /* Debug */ = {
			isa = XCBuildConfiguration;
			buildSettings = {
				ALWAYS_SEARCH_USER_PATHS = NO;
				ASSETCATALOG_COMPILER_GENERATE_SWIFT_ASSET_SYMBOL_EXTENSIONS = YES;
				CLANG_ANALYZER_NONNULL = YES;
				CLANG_ANALYZER_NUMBER_OBJECT_CONVERSION = YES_AGGRESSIVE;
				CLANG_CXX_LANGUAGE_STANDARD = "gnu++20";
				CLANG_ENABLE_MODULES = YES;
				CLANG_ENABLE_OBJC_ARC = YES;
				CLANG_ENABLE_OBJC_WEAK = YES;
				CLANG_WARN_BLOCK_CAPTURE_AUTORELEASING = YES;
				CLANG_WARN_BOOL_CONVERSION = YES;
				CLANG_WARN_COMMA = YES;
				CLANG_WARN_CONSTANT_CONVERSION = YES;
				CLANG_WARN_DEPRECATED_OBJC_IMPLEMENTATIONS = YES;
				CLANG_WARN_DIRECT_OBJC_ISA_USAGE = YES_ERROR;
				CLANG_WARN_DOCUMENTATION_COMMENTS = YES;
				CLANG_WARN_EMPTY_BODY = YES;
				CLANG_WARN_ENUM_CONVERSION = YES;
				CLANG_WARN_INFINITE_RECURSION = YES;
				CLANG_WARN_INT_CONVERSION = YES;
				CLANG_WARN_NON_LITERAL_NULL_CONVERSION = YES;
				CLANG_WARN_OBJC_IMPLICIT_RETAIN_SELF = YES;
				CLANG_WARN_OBJC_LITERAL_CONVERSION = YES;
				CLANG_WARN_OBJC_ROOT_CLASS = YES_ERROR;
				CLANG_WARN_QUOTED_INCLUDE_IN_FRAMEWORK_HEADER = YES;
				CLANG_WARN_RANGE_LOOP_ANALYSIS = YES;
				CLANG_WARN_STRICT_PROTOTYPES = YES;
				CLANG_WARN_SUSPICIOUS_MOVE = YES;
				CLANG_WARN_UNGUARDED_AVAILABILITY = YES_AGGRESSIVE;
				CLANG_WARN_UNREACHABLE_CODE = YES;
				CLANG_WARN__DUPLICATE_METHOD_MATCH = YES;
				COPY_PHASE_STRIP = NO;
				DEBUG_INFORMATION_FORMAT = dwarf;
				ENABLE_STRICT_OBJC_MSGSEND = YES;
				ENABLE_TESTABILITY = YES;
				ENABLE_USER_SCRIPT_SANDBOXING = YES;
				GCC_C_LANGUAGE_STANDARD = gnu17;
				GCC_DYNAMIC_NO_PIC = NO;
				GCC_NO_COMMON_BLOCKS = YES;
				GCC_OPTIMIZATION_LEVEL = 0;
				GCC_PREPROCESSOR_DEFINITIONS = (
					"DEBUG=1",
					"$(inherited)",
				);
				GCC_WARN_64_TO_32_BIT_CONVERSION = YES;
				GCC_WARN_ABOUT_RETURN_TYPE = YES_ERROR;
				GCC_WARN_UNDECLARED_SELECTOR = YES;
				GCC_WARN_UNINITIALIZED_AUTOS = YES_AGGRESSIVE;
				GCC_WARN_UNUSED_FUNCTION = YES;
				GCC_WARN_UNUSED_VARIABLE = YES;
				IPHONEOS_DEPLOYMENT_TARGET = 18.2;
				LOCALIZATION_PREFERS_STRING_CATALOGS = YES;
				MTL_ENABLE_DEBUG_INFO = INCLUDE_SOURCE;
				MTL_FAST_MATH = YES;
				ONLY_ACTIVE_ARCH = YES;
				SDKROOT = iphoneos;
				SWIFT_ACTIVE_COMPILATION_CONDITIONS = "DEBUG $(inherited)";
				SWIFT_OPTIMIZATION_LEVEL = "-Onone";
			};
			name = Debug;
		};
		CF78BFD92D7545E4004AC06E /* Release */ = {
			isa = XCBuildConfiguration;
			buildSettings = {
				ALWAYS_SEARCH_USER_PATHS = NO;
				ASSETCATALOG_COMPILER_GENERATE_SWIFT_ASSET_SYMBOL_EXTENSIONS = YES;
				CLANG_ANALYZER_NONNULL = YES;
				CLANG_ANALYZER_NUMBER_OBJECT_CONVERSION = YES_AGGRESSIVE;
				CLANG_CXX_LANGUAGE_STANDARD = "gnu++20";
				CLANG_ENABLE_MODULES = YES;
				CLANG_ENABLE_OBJC_ARC = YES;
				CLANG_ENABLE_OBJC_WEAK = YES;
				CLANG_WARN_BLOCK_CAPTURE_AUTORELEASING = YES;
				CLANG_WARN_BOOL_CONVERSION = YES;
				CLANG_WARN_COMMA = YES;
				CLANG_WARN_CONSTANT_CONVERSION = YES;
				CLANG_WARN_DEPRECATED_OBJC_IMPLEMENTATIONS = YES;
				CLANG_WARN_DIRECT_OBJC_ISA_USAGE = YES_ERROR;
				CLANG_WARN_DOCUMENTATION_COMMENTS = YES;
				CLANG_WARN_EMPTY_BODY = YES;
				CLANG_WARN_ENUM_CONVERSION = YES;
				CLANG_WARN_INFINITE_RECURSION = YES;
				CLANG_WARN_INT_CONVERSION = YES;
				CLANG_WARN_NON_LITERAL_NULL_CONVERSION = YES;
				CLANG_WARN_OBJC_IMPLICIT_RETAIN_SELF = YES;
				CLANG_WARN_OBJC_LITERAL_CONVERSION = YES;
				CLANG_WARN_OBJC_ROOT_CLASS = YES_ERROR;
				CLANG_WARN_QUOTED_INCLUDE_IN_FRAMEWORK_HEADER = YES;
				CLANG_WARN_RANGE_LOOP_ANALYSIS = YES;
				CLANG_WARN_STRICT_PROTOTYPES = YES;
				CLANG_WARN_SUSPICIOUS_MOVE = YES;
				CLANG_WARN_UNGUARDED_AVAILABILITY = YES_AGGRESSIVE;
				CLANG_WARN_UNREACHABLE_CODE = YES;
				CLANG_WARN__DUPLICATE_METHOD_MATCH = YES;
				COPY_PHASE_STRIP = NO;
				DEBUG_INFORMATION_FORMAT = "dwarf-with-dsym";
				ENABLE_NS_ASSERTIONS = NO;
				ENABLE_STRICT_OBJC_MSGSEND = YES;
				ENABLE_USER_SCRIPT_SANDBOXING = YES;
				GCC_C_LANGUAGE_STANDARD = gnu17;
				GCC_NO_COMMON_BLOCKS = YES;
				GCC_WARN_64_TO_32_BIT_CONVERSION = YES;
				GCC_WARN_ABOUT_RETURN_TYPE = YES_ERROR;
				GCC_WARN_UNDECLARED_SELECTOR = YES;
				GCC_WARN_UNINITIALIZED_AUTOS = YES_AGGRESSIVE;
				GCC_WARN_UNUSED_FUNCTION = YES;
				GCC_WARN_UNUSED_VARIABLE = YES;
				IPHONEOS_DEPLOYMENT_TARGET = 18.2;
				LOCALIZATION_PREFERS_STRING_CATALOGS = YES;
				MTL_ENABLE_DEBUG_INFO = NO;
				MTL_FAST_MATH = YES;
				SDKROOT = iphoneos;
				SWIFT_COMPILATION_MODE = wholemodule;
				VALIDATE_PRODUCT = YES;
			};
			name = Release;
		};
		CF78BFDB2D7545E4004AC06E /* Debug */ = {
			isa = XCBuildConfiguration;
			buildSettings = {
				ASSETCATALOG_COMPILER_APPICON_NAME = AppIcon;
				ASSETCATALOG_COMPILER_GLOBAL_ACCENT_COLOR_NAME = AccentColor;
				CODE_SIGN_STYLE = Automatic;
				CURRENT_PROJECT_VERSION = 1;
				DEVELOPMENT_ASSET_PATHS = "\"aykgame/Preview Content\"";
				DEVELOPMENT_TEAM = 5T7GF2NK2R;
				ENABLE_PREVIEWS = YES;
				GENERATE_INFOPLIST_FILE = YES;
				INFOPLIST_KEY_UIApplicationSceneManifest_Generation = YES;
				INFOPLIST_KEY_UIApplicationSupportsIndirectInputEvents = YES;
				INFOPLIST_KEY_UILaunchScreen_Generation = YES;
				INFOPLIST_KEY_UISupportedInterfaceOrientations_iPad = "UIInterfaceOrientationPortrait UIInterfaceOrientationPortraitUpsideDown UIInterfaceOrientationLandscapeLeft UIInterfaceOrientationLandscapeRight";
				INFOPLIST_KEY_UISupportedInterfaceOrientations_iPhone = "UIInterfaceOrientationPortrait UIInterfaceOrientationLandscapeLeft UIInterfaceOrientationLandscapeRight";
				LD_RUNPATH_SEARCH_PATHS = (
					"$(inherited)",
					"@executable_path/Frameworks",
				);
				MARKETING_VERSION = 1.0;
				PRODUCT_BUNDLE_IDENTIFIER = tarushv.aykgame;
				PRODUCT_NAME = "$(TARGET_NAME)";
				SWIFT_EMIT_LOC_STRINGS = YES;
				SWIFT_VERSION = 5.0;
				TARGETED_DEVICE_FAMILY = "1,2";
			};
			name = Debug;
		};
		CF78BFDC2D7545E4004AC06E /* Release */ = {
			isa = XCBuildConfiguration;
			buildSettings = {
				ASSETCATALOG_COMPILER_APPICON_NAME = AppIcon;
				ASSETCATALOG_COMPILER_GLOBAL_ACCENT_COLOR_NAME = AccentColor;
				CODE_SIGN_STYLE = Automatic;
				CURRENT_PROJECT_VERSION = 1;
				DEVELOPMENT_ASSET_PATHS = "\"aykgame/Preview Content\"";
				DEVELOPMENT_TEAM = 5T7GF2NK2R;
				ENABLE_PREVIEWS = YES;
				GENERATE_INFOPLIST_FILE = YES;
				INFOPLIST_KEY_UIApplicationSceneManifest_Generation = YES;
				INFOPLIST_KEY_UIApplicationSupportsIndirectInputEvents = YES;
				INFOPLIST_KEY_UILaunchScreen_Generation = YES;
				INFOPLIST_KEY_UISupportedInterfaceOrientations_iPad = "UIInterfaceOrientationPortrait UIInterfaceOrientationPortraitUpsideDown UIInterfaceOrientationLandscapeLeft UIInterfaceOrientationLandscapeRight";
				INFOPLIST_KEY_UISupportedInterfaceOrientations_iPhone = "UIInterfaceOrientationPortrait UIInterfaceOrientationLandscapeLeft UIInterfaceOrientationLandscapeRight";
				LD_RUNPATH_SEARCH_PATHS = (
					"$(inherited)",
					"@executable_path/Frameworks",
				);
				MARKETING_VERSION = 1.0;
				PRODUCT_BUNDLE_IDENTIFIER = tarushv.aykgame;
				PRODUCT_NAME = "$(TARGET_NAME)";
				SWIFT_EMIT_LOC_STRINGS = YES;
				SWIFT_VERSION = 5.0;
				TARGETED_DEVICE_FAMILY = "1,2";
			};
			name = Release;
		};
		CF78BFDE2D7545E4004AC06E /* Debug */ = {
			isa = XCBuildConfiguration;
			buildSettings = {
				BUNDLE_LOADER = "$(TEST_HOST)";
				CODE_SIGN_STYLE = Automatic;
				CURRENT_PROJECT_VERSION = 1;
				DEVELOPMENT_TEAM = 5T7GF2NK2R;
				GENERATE_INFOPLIST_FILE = YES;
				IPHONEOS_DEPLOYMENT_TARGET = 18.2;
				MARKETING_VERSION = 1.0;
				PRODUCT_BUNDLE_IDENTIFIER = tarushv.aykgameTests;
				PRODUCT_NAME = "$(TARGET_NAME)";
				SWIFT_EMIT_LOC_STRINGS = NO;
				SWIFT_VERSION = 5.0;
				TARGETED_DEVICE_FAMILY = "1,2";
				TEST_HOST = "$(BUILT_PRODUCTS_DIR)/aykgame.app/$(BUNDLE_EXECUTABLE_FOLDER_PATH)/aykgame";
			};
			name = Debug;
		};
		CF78BFDF2D7545E4004AC06E /* Release */ = {
			isa = XCBuildConfiguration;
			buildSettings = {
				BUNDLE_LOADER = "$(TEST_HOST)";
				CODE_SIGN_STYLE = Automatic;
				CURRENT_PROJECT_VERSION = 1;
				DEVELOPMENT_TEAM = 5T7GF2NK2R;
				GENERATE_INFOPLIST_FILE = YES;
				IPHONEOS_DEPLOYMENT_TARGET = 18.2;
				MARKETING_VERSION = 1.0;
				PRODUCT_BUNDLE_IDENTIFIER = tarushv.aykgameTests;
				PRODUCT_NAME = "$(TARGET_NAME)";
				SWIFT_EMIT_LOC_STRINGS = NO;
				SWIFT_VERSION = 5.0;
				TARGETED_DEVICE_FAMILY = "1,2";
				TEST_HOST = "$(BUILT_PRODUCTS_DIR)/aykgame.app/$(BUNDLE_EXECUTABLE_FOLDER_PATH)/aykgame";
			};
			name = Release;
		};
		CF78BFE12D7545E4004AC06E /* Debug */ = {
			isa = XCBuildConfiguration;
			buildSettings = {
				CODE_SIGN_STYLE = Automatic;
				CURRENT_PROJECT_VERSION = 1;
				DEVELOPMENT_TEAM = 5T7GF2NK2R;
				GENERATE_INFOPLIST_FILE = YES;
				MARKETING_VERSION = 1.0;
				PRODUCT_BUNDLE_IDENTIFIER = tarushv.aykgameUITests;
				PRODUCT_NAME = "$(TARGET_NAME)";
				SWIFT_EMIT_LOC_STRINGS = NO;
				SWIFT_VERSION = 5.0;
				TARGETED_DEVICE_FAMILY = "1,2";
				TEST_TARGET_NAME = aykgame;
			};
			name = Debug;
		};
		CF78BFE22D7545E4004AC06E /* Release */ = {
			isa = XCBuildConfiguration;
			buildSettings = {
				CODE_SIGN_STYLE = Automatic;
				CURRENT_PROJECT_VERSION = 1;
				DEVELOPMENT_TEAM = 5T7GF2NK2R;
				GENERATE_INFOPLIST_FILE = YES;
				MARKETING_VERSION = 1.0;
				PRODUCT_BUNDLE_IDENTIFIER = tarushv.aykgameUITests;
				PRODUCT_NAME = "$(TARGET_NAME)";
				SWIFT_EMIT_LOC_STRINGS = NO;
				SWIFT_VERSION = 5.0;
				TARGETED_DEVICE_FAMILY = "1,2";
				TEST_TARGET_NAME = aykgame;
			};
			name = Release;
		};
/* End XCBuildConfiguration section */

/* Begin XCConfigurationList section */
		CF78BFB12D7545E1004AC06E /* Build configuration list for PBXProject "aykgame" */ = {
			isa = XCConfigurationList;
			buildConfigurations = (
				CF78BFD82D7545E4004AC06E /* Debug */,
				CF78BFD92D7545E4004AC06E /* Release */,
			);
			defaultConfigurationIsVisible = 0;
			defaultConfigurationName = Release;
		};
		CF78BFDA2D7545E4004AC06E /* Build configuration list for PBXNativeTarget "aykgame" */ = {
			isa = XCConfigurationList;
			buildConfigurations = (
				CF78BFDB2D7545E4004AC06E /* Debug */,
				CF78BFDC2D7545E4004AC06E /* Release */,
			);
			defaultConfigurationIsVisible = 0;
			defaultConfigurationName = Release;
		};
		CF78BFDD2D7545E4004AC06E /* Build configuration list for PBXNativeTarget "aykgameTests" */ = {
			isa = XCConfigurationList;
			buildConfigurations = (
				CF78BFDE2D7545E4004AC06E /* Debug */,
				CF78BFDF2D7545E4004AC06E /* Release */,
			);
			defaultConfigurationIsVisible = 0;
			defaultConfigurationName = Release;
		};
		CF78BFE02D7545E4004AC06E /* Build configuration list for PBXNativeTarget "aykgameUITests" */ = {
			isa = XCConfigurationList;
			buildConfigurations = (
				CF78BFE12D7545E4004AC06E /* Debug */,
				CF78BFE22D7545E4004AC06E /* Release */,
			);
			defaultConfigurationIsVisible = 0;
			defaultConfigurationName = Release;
		};
/* End XCConfigurationList section */
	};
	rootObject = CF78BFAE2D7545E1004AC06E /* Project object */;
}
